// !$*UTF8*$!
{
	archiveVersion = 1;
	classes = {
	};
	objectVersion = 46;
	objects = {

/* Begin PBXBuildFile section */
		492ED4C21B6235D100D28452 /* AppDelegate.swift in Sources */ = {isa = PBXBuildFile; fileRef = 492ED4C11B6235D100D28452 /* AppDelegate.swift */; };
		492ED4C71B6235D100D28452 /* Main.storyboard in Resources */ = {isa = PBXBuildFile; fileRef = 492ED4C51B6235D100D28452 /* Main.storyboard */; };
		492ED4C91B6235D100D28452 /* Images.xcassets in Resources */ = {isa = PBXBuildFile; fileRef = 492ED4C81B6235D100D28452 /* Images.xcassets */; };
		492ED4CC1B6235D100D28452 /* LaunchScreen.xib in Resources */ = {isa = PBXBuildFile; fileRef = 492ED4CA1B6235D100D28452 /* LaunchScreen.xib */; };
		492ED4D81B6235D100D28452 /* AIDToDoManagerTests.swift in Sources */ = {isa = PBXBuildFile; fileRef = 492ED4D71B6235D100D28452 /* AIDToDoManagerTests.swift */; };
		492ED4E51B6239D700D28452 /* ToDoListViewController.swift in Sources */ = {isa = PBXBuildFile; fileRef = 492ED4E41B6239D700D28452 /* ToDoListViewController.swift */; };
		492ED4E81B623DF300D28452 /* ToDoListTableViewCell.swift in Sources */ = {isa = PBXBuildFile; fileRef = 492ED4E71B623DF300D28452 /* ToDoListTableViewCell.swift */; };
		492ED4EA1B623FC900D28452 /* AddToDoViewController.swift in Sources */ = {isa = PBXBuildFile; fileRef = 492ED4E91B623FC900D28452 /* AddToDoViewController.swift */; };
		492ED4ED1B624D2600D28452 /* ToDoModel.swift in Sources */ = {isa = PBXBuildFile; fileRef = 492ED4EC1B624D2600D28452 /* ToDoModel.swift */; };
		A2CB0BCFF0CAB5B25696506A /* Pods.framework in Frameworks */ = {isa = PBXBuildFile; fileRef = 3BCB85DDEE7139E58ABE093F /* Pods.framework */; settings = {ATTRIBUTES = (Weak, ); }; };
/* End PBXBuildFile section */

/* Begin PBXContainerItemProxy section */
		492ED4D21B6235D100D28452 /* PBXContainerItemProxy */ = {
			isa = PBXContainerItemProxy;
			containerPortal = 492ED4B41B6235D100D28452 /* Project object */;
			proxyType = 1;
			remoteGlobalIDString = 492ED4BB1B6235D100D28452;
			remoteInfo = AIDToDoManager;
		};
/* End PBXContainerItemProxy section */

/* Begin PBXFileReference section */
		3BCB85DDEE7139E58ABE093F /* Pods.framework */ = {isa = PBXFileReference; explicitFileType = wrapper.framework; includeInIndex = 0; path = Pods.framework; sourceTree = BUILT_PRODUCTS_DIR; };
		412485527E23476D34F05546 /* Pods.debug.xcconfig */ = {isa = PBXFileReference; includeInIndex = 1; lastKnownFileType = text.xcconfig; name = Pods.debug.xcconfig; path = "Pods/Target Support Files/Pods/Pods.debug.xcconfig"; sourceTree = "<group>"; };
		492ED4BC1B6235D100D28452 /* AIDToDoManager.app */ = {isa = PBXFileReference; explicitFileType = wrapper.application; includeInIndex = 0; path = AIDToDoManager.app; sourceTree = BUILT_PRODUCTS_DIR; };
		492ED4C01B6235D100D28452 /* Info.plist */ = {isa = PBXFileReference; lastKnownFileType = text.plist.xml; path = Info.plist; sourceTree = "<group>"; };
		492ED4C11B6235D100D28452 /* AppDelegate.swift */ = {isa = PBXFileReference; lastKnownFileType = sourcecode.swift; path = AppDelegate.swift; sourceTree = "<group>"; };
		492ED4C61B6235D100D28452 /* Base */ = {isa = PBXFileReference; lastKnownFileType = file.storyboard; name = Base; path = Base.lproj/Main.storyboard; sourceTree = "<group>"; };
		492ED4C81B6235D100D28452 /* Images.xcassets */ = {isa = PBXFileReference; lastKnownFileType = folder.assetcatalog; path = Images.xcassets; sourceTree = "<group>"; };
		492ED4CB1B6235D100D28452 /* Base */ = {isa = PBXFileReference; lastKnownFileType = file.xib; name = Base; path = Base.lproj/LaunchScreen.xib; sourceTree = "<group>"; };
		492ED4D11B6235D100D28452 /* AIDToDoManagerTests.xctest */ = {isa = PBXFileReference; explicitFileType = wrapper.cfbundle; includeInIndex = 0; path = AIDToDoManagerTests.xctest; sourceTree = BUILT_PRODUCTS_DIR; };
		492ED4D61B6235D100D28452 /* Info.plist */ = {isa = PBXFileReference; lastKnownFileType = text.plist.xml; path = Info.plist; sourceTree = "<group>"; };
		492ED4D71B6235D100D28452 /* AIDToDoManagerTests.swift */ = {isa = PBXFileReference; lastKnownFileType = sourcecode.swift; path = AIDToDoManagerTests.swift; sourceTree = "<group>"; };
		492ED4E41B6239D700D28452 /* ToDoListViewController.swift */ = {isa = PBXFileReference; fileEncoding = 4; lastKnownFileType = sourcecode.swift; path = ToDoListViewController.swift; sourceTree = "<group>"; };
		492ED4E71B623DF300D28452 /* ToDoListTableViewCell.swift */ = {isa = PBXFileReference; fileEncoding = 4; lastKnownFileType = sourcecode.swift; path = ToDoListTableViewCell.swift; sourceTree = "<group>"; };
		492ED4E91B623FC900D28452 /* AddToDoViewController.swift */ = {isa = PBXFileReference; fileEncoding = 4; lastKnownFileType = sourcecode.swift; path = AddToDoViewController.swift; sourceTree = "<group>"; };
		492ED4EC1B624D2600D28452 /* ToDoModel.swift */ = {isa = PBXFileReference; fileEncoding = 4; lastKnownFileType = sourcecode.swift; path = ToDoModel.swift; sourceTree = "<group>"; };
		EAE42225F6FFD304EDB9F0A6 /* Pods.release.xcconfig */ = {isa = PBXFileReference; includeInIndex = 1; lastKnownFileType = text.xcconfig; name = Pods.release.xcconfig; path = "Pods/Target Support Files/Pods/Pods.release.xcconfig"; sourceTree = "<group>"; };
/* End PBXFileReference section */

/* Begin PBXFrameworksBuildPhase section */
		492ED4B91B6235D100D28452 /* Frameworks */ = {
			isa = PBXFrameworksBuildPhase;
			buildActionMask = 2147483647;
			files = (
				A2CB0BCFF0CAB5B25696506A /* Pods.framework in Frameworks */,
			);
			runOnlyForDeploymentPostprocessing = 0;
		};
		492ED4CE1B6235D100D28452 /* Frameworks */ = {
			isa = PBXFrameworksBuildPhase;
			buildActionMask = 2147483647;
			files = (
			);
			runOnlyForDeploymentPostprocessing = 0;
		};
/* End PBXFrameworksBuildPhase section */

/* Begin PBXGroup section */
		492ED4B31B6235D100D28452 = {
			isa = PBXGroup;
			children = (
				492ED4BE1B6235D100D28452 /* AIDToDoManager */,
				492ED4D41B6235D100D28452 /* AIDToDoManagerTests */,
				492ED4BD1B6235D100D28452 /* Products */,
				E025ED1A76272A7C3BB8BC91 /* Pods */,
				9ABF02286FFD1FBDAC426251 /* Frameworks */,
			);
			sourceTree = "<group>";
		};
		492ED4BD1B6235D100D28452 /* Products */ = {
			isa = PBXGroup;
			children = (
				492ED4BC1B6235D100D28452 /* AIDToDoManager.app */,
				492ED4D11B6235D100D28452 /* AIDToDoManagerTests.xctest */,
			);
			name = Products;
			sourceTree = "<group>";
		};
		492ED4BE1B6235D100D28452 /* AIDToDoManager */ = {
			isa = PBXGroup;
			children = (
				492ED4EB1B624D0800D28452 /* model */,
				492ED4E61B623DC600D28452 /* cell */,
				492ED4E11B6238C100D28452 /* ApplicationController */,
				492ED4E21B6238E000D28452 /* ViewControllers */,
				492ED4E31B6238FC00D28452 /* StoryBoard */,
				492ED4C81B6235D100D28452 /* Images.xcassets */,
				492ED4CA1B6235D100D28452 /* LaunchScreen.xib */,
				492ED4BF1B6235D100D28452 /* Supporting Files */,
			);
			path = AIDToDoManager;
			sourceTree = "<group>";
		};
		492ED4BF1B6235D100D28452 /* Supporting Files */ = {
			isa = PBXGroup;
			children = (
				492ED4C01B6235D100D28452 /* Info.plist */,
			);
			name = "Supporting Files";
			sourceTree = "<group>";
		};
		492ED4D41B6235D100D28452 /* AIDToDoManagerTests */ = {
			isa = PBXGroup;
			children = (
				492ED4D71B6235D100D28452 /* AIDToDoManagerTests.swift */,
				492ED4D51B6235D100D28452 /* Supporting Files */,
			);
			path = AIDToDoManagerTests;
			sourceTree = "<group>";
		};
		492ED4D51B6235D100D28452 /* Supporting Files */ = {
			isa = PBXGroup;
			children = (
				492ED4D61B6235D100D28452 /* Info.plist */,
			);
			name = "Supporting Files";
			sourceTree = "<group>";
		};
		492ED4E11B6238C100D28452 /* ApplicationController */ = {
			isa = PBXGroup;
			children = (
				492ED4C11B6235D100D28452 /* AppDelegate.swift */,
			);
			name = ApplicationController;
			sourceTree = "<group>";
		};
		492ED4E21B6238E000D28452 /* ViewControllers */ = {
			isa = PBXGroup;
			children = (
				492ED4E41B6239D700D28452 /* ToDoListViewController.swift */,
				492ED4E91B623FC900D28452 /* AddToDoViewController.swift */,
			);
			name = ViewControllers;
			sourceTree = "<group>";
		};
		492ED4E31B6238FC00D28452 /* StoryBoard */ = {
			isa = PBXGroup;
			children = (
				492ED4C51B6235D100D28452 /* Main.storyboard */,
			);
			name = StoryBoard;
			sourceTree = "<group>";
		};
		492ED4E61B623DC600D28452 /* cell */ = {
			isa = PBXGroup;
			children = (
				492ED4E71B623DF300D28452 /* ToDoListTableViewCell.swift */,
			);
			name = cell;
			sourceTree = "<group>";
		};
		492ED4EB1B624D0800D28452 /* model */ = {
			isa = PBXGroup;
			children = (
				492ED4EC1B624D2600D28452 /* ToDoModel.swift */,
			);
			name = model;
			sourceTree = "<group>";
		};
		9ABF02286FFD1FBDAC426251 /* Frameworks */ = {
			isa = PBXGroup;
			children = (
				3BCB85DDEE7139E58ABE093F /* Pods.framework */,
			);
			name = Frameworks;
			sourceTree = "<group>";
		};
		E025ED1A76272A7C3BB8BC91 /* Pods */ = {
			isa = PBXGroup;
			children = (
				412485527E23476D34F05546 /* Pods.debug.xcconfig */,
				EAE42225F6FFD304EDB9F0A6 /* Pods.release.xcconfig */,
			);
			name = Pods;
			sourceTree = "<group>";
		};
/* End PBXGroup section */

/* Begin PBXNativeTarget section */
		492ED4BB1B6235D100D28452 /* AIDToDoManager */ = {
			isa = PBXNativeTarget;
			buildConfigurationList = 492ED4DB1B6235D100D28452 /* Build configuration list for PBXNativeTarget "AIDToDoManager" */;
			buildPhases = (
				6088347D01210282D6F64DA9 /* Check Pods Manifest.lock */,
				492ED4B81B6235D100D28452 /* Sources */,
				492ED4B91B6235D100D28452 /* Frameworks */,
				492ED4BA1B6235D100D28452 /* Resources */,
				8C78FC8093710AFCBFEFE9F6 /* Embed Pods Frameworks */,
				3047A75BDDFF84D7AAAAD309 /* Copy Pods Resources */,
			);
			buildRules = (
			);
			dependencies = (
			);
			name = AIDToDoManager;
			productName = AIDToDoManager;
			productReference = 492ED4BC1B6235D100D28452 /* AIDToDoManager.app */;
			productType = "com.apple.product-type.application";
		};
		492ED4D01B6235D100D28452 /* AIDToDoManagerTests */ = {
			isa = PBXNativeTarget;
			buildConfigurationList = 492ED4DE1B6235D100D28452 /* Build configuration list for PBXNativeTarget "AIDToDoManagerTests" */;
			buildPhases = (
				492ED4CD1B6235D100D28452 /* Sources */,
				492ED4CE1B6235D100D28452 /* Frameworks */,
				492ED4CF1B6235D100D28452 /* Resources */,
			);
			buildRules = (
			);
			dependencies = (
				492ED4D31B6235D100D28452 /* PBXTargetDependency */,
			);
			name = AIDToDoManagerTests;
			productName = AIDToDoManagerTests;
			productReference = 492ED4D11B6235D100D28452 /* AIDToDoManagerTests.xctest */;
			productType = "com.apple.product-type.bundle.unit-test";
		};
/* End PBXNativeTarget section */

/* Begin PBXProject section */
		492ED4B41B6235D100D28452 /* Project object */ = {
			isa = PBXProject;
			attributes = {
				LastUpgradeCheck = 0640;
				ORGANIZATIONNAME = KazuyaMIURA;
				TargetAttributes = {
					492ED4BB1B6235D100D28452 = {
						CreatedOnToolsVersion = 6.4;
					};
					492ED4D01B6235D100D28452 = {
						CreatedOnToolsVersion = 6.4;
						TestTargetID = 492ED4BB1B6235D100D28452;
					};
				};
			};
			buildConfigurationList = 492ED4B71B6235D100D28452 /* Build configuration list for PBXProject "AIDToDoManager" */;
			compatibilityVersion = "Xcode 3.2";
			developmentRegion = English;
			hasScannedForEncodings = 0;
			knownRegions = (
				en,
				Base,
			);
			mainGroup = 492ED4B31B6235D100D28452;
			productRefGroup = 492ED4BD1B6235D100D28452 /* Products */;
			projectDirPath = "";
			projectRoot = "";
			targets = (
				492ED4BB1B6235D100D28452 /* AIDToDoManager */,
				492ED4D01B6235D100D28452 /* AIDToDoManagerTests */,
			);
		};
/* End PBXProject section */

/* Begin PBXResourcesBuildPhase section */
		492ED4BA1B6235D100D28452 /* Resources */ = {
			isa = PBXResourcesBuildPhase;
			buildActionMask = 2147483647;
			files = (
				492ED4C71B6235D100D28452 /* Main.storyboard in Resources */,
				492ED4CC1B6235D100D28452 /* LaunchScreen.xib in Resources */,
				492ED4C91B6235D100D28452 /* Images.xcassets in Resources */,
			);
			runOnlyForDeploymentPostprocessing = 0;
		};
		492ED4CF1B6235D100D28452 /* Resources */ = {
			isa = PBXResourcesBuildPhase;
			buildActionMask = 2147483647;
			files = (
			);
			runOnlyForDeploymentPostprocessing = 0;
		};
/* End PBXResourcesBuildPhase section */

/* Begin PBXShellScriptBuildPhase section */
		3047A75BDDFF84D7AAAAD309 /* Copy Pods Resources */ = {
			isa = PBXShellScriptBuildPhase;
			buildActionMask = 2147483647;
			files = (
			);
			inputPaths = (
			);
			name = "Copy Pods Resources";
			outputPaths = (
			);
			runOnlyForDeploymentPostprocessing = 0;
			shellPath = /bin/sh;
			shellScript = "\"${SRCROOT}/Pods/Target Support Files/Pods/Pods-resources.sh\"\n";
			showEnvVarsInLog = 0;
		};
		6088347D01210282D6F64DA9 /* Check Pods Manifest.lock */ = {
			isa = PBXShellScriptBuildPhase;
			buildActionMask = 2147483647;
			files = (
			);
			inputPaths = (
			);
			name = "Check Pods Manifest.lock";
			outputPaths = (
			);
			runOnlyForDeploymentPostprocessing = 0;
			shellPath = /bin/sh;
			shellScript = "diff \"${PODS_ROOT}/../Podfile.lock\" \"${PODS_ROOT}/Manifest.lock\" > /dev/null\nif [[ $? != 0 ]] ; then\n    cat << EOM\nerror: The sandbox is not in sync with the Podfile.lock. Run 'pod install' or update your CocoaPods installation.\nEOM\n    exit 1\nfi\n";
			showEnvVarsInLog = 0;
		};
		8C78FC8093710AFCBFEFE9F6 /* Embed Pods Frameworks */ = {
			isa = PBXShellScriptBuildPhase;
			buildActionMask = 2147483647;
			files = (
			);
			inputPaths = (
			);
			name = "Embed Pods Frameworks";
			outputPaths = (
			);
			runOnlyForDeploymentPostprocessing = 0;
			shellPath = /bin/sh;
			shellScript = "\"${SRCROOT}/Pods/Target Support Files/Pods/Pods-frameworks.sh\"\n";
			showEnvVarsInLog = 0;
		};
/* End PBXShellScriptBuildPhase section */

/* Begin PBXSourcesBuildPhase section */
		492ED4B81B6235D100D28452 /* Sources */ = {
			isa = PBXSourcesBuildPhase;
			buildActionMask = 2147483647;
			files = (
				492ED4EA1B623FC900D28452 /* AddToDoViewController.swift in Sources */,
				492ED4E51B6239D700D28452 /* ToDoListViewController.swift in Sources */,
				492ED4ED1B624D2600D28452 /* ToDoModel.swift in Sources */,
				492ED4E81B623DF300D28452 /* ToDoListTableViewCell.swift in Sources */,
				492ED4C21B6235D100D28452 /* AppDelegate.swift in Sources */,
			);
			runOnlyForDeploymentPostprocessing = 0;
		};
		492ED4CD1B6235D100D28452 /* Sources */ = {
			isa = PBXSourcesBuildPhase;
			buildActionMask = 2147483647;
			files = (
				492ED4D81B6235D100D28452 /* AIDToDoManagerTests.swift in Sources */,
			);
			runOnlyForDeploymentPostprocessing = 0;
		};
/* End PBXSourcesBuildPhase section */

/* Begin PBXTargetDependency section */
		492ED4D31B6235D100D28452 /* PBXTargetDependency */ = {
			isa = PBXTargetDependency;
			target = 492ED4BB1B6235D100D28452 /* AIDToDoManager */;
			targetProxy = 492ED4D21B6235D100D28452 /* PBXContainerItemProxy */;
		};
/* End PBXTargetDependency section */

/* Begin PBXVariantGroup section */
		492ED4C51B6235D100D28452 /* Main.storyboard */ = {
			isa = PBXVariantGroup;
			children = (
				492ED4C61B6235D100D28452 /* Base */,
			);
			name = Main.storyboard;
			sourceTree = "<group>";
		};
		492ED4CA1B6235D100D28452 /* LaunchScreen.xib */ = {
			isa = PBXVariantGroup;
			children = (
				492ED4CB1B6235D100D28452 /* Base */,
			);
			name = LaunchScreen.xib;
			sourceTree = "<group>";
		};
/* End PBXVariantGroup section */

/* Begin XCBuildConfiguration section */
		492ED4D91B6235D100D28452 /* Debug */ = {
			isa = XCBuildConfiguration;
			buildSettings = {
				ALWAYS_SEARCH_USER_PATHS = NO;
				CLANG_CXX_LANGUAGE_STANDARD = "gnu++0x";
				CLANG_CXX_LIBRARY = "libc++";
				CLANG_ENABLE_MODULES = YES;
				CLANG_ENABLE_OBJC_ARC = YES;
				CLANG_WARN_BOOL_CONVERSION = YES;
				CLANG_WARN_CONSTANT_CONVERSION = YES;
				CLANG_WARN_DIRECT_OBJC_ISA_USAGE = YES_ERROR;
				CLANG_WARN_EMPTY_BODY = YES;
				CLANG_WARN_ENUM_CONVERSION = YES;
				CLANG_WARN_INT_CONVERSION = YES;
				CLANG_WARN_OBJC_ROOT_CLASS = YES_ERROR;
				CLANG_WARN_UNREACHABLE_CODE = YES;
				CLANG_WARN__DUPLICATE_METHOD_MATCH = YES;
				"CODE_SIGN_IDENTITY[sdk=iphoneos*]" = "iPhone Developer";
				COPY_PHASE_STRIP = NO;
				DEBUG_INFORMATION_FORMAT = "dwarf-with-dsym";
				ENABLE_STRICT_OBJC_MSGSEND = YES;
				GCC_C_LANGUAGE_STANDARD = gnu99;
				GCC_DYNAMIC_NO_PIC = NO;
				GCC_NO_COMMON_BLOCKS = YES;
				GCC_OPTIMIZATION_LEVEL = 0;
				GCC_PREPROCESSOR_DEFINITIONS = (
					"DEBUG=1",
					"$(inherited)",
				);
				GCC_SYMBOLS_PRIVATE_EXTERN = NO;
				GCC_WARN_64_TO_32_BIT_CONVERSION = YES;
				GCC_WARN_ABOUT_RETURN_TYPE = YES_ERROR;
				GCC_WARN_UNDECLARED_SELECTOR = YES;
				GCC_WARN_UNINITIALIZED_AUTOS = YES_AGGRESSIVE;
				GCC_WARN_UNUSED_FUNCTION = YES;
				GCC_WARN_UNUSED_VARIABLE = YES;
				IPHONEOS_DEPLOYMENT_TARGET = 8.4;
				MTL_ENABLE_DEBUG_INFO = YES;
				ONLY_ACTIVE_ARCH = YES;
				SDKROOT = iphoneos;
				SWIFT_OPTIMIZATION_LEVEL = "-Onone";
			};
			name = Debug;
		};
		492ED4DA1B6235D100D28452 /* Release */ = {
			isa = XCBuildConfiguration;
			buildSettings = {
				ALWAYS_SEARCH_USER_PATHS = NO;
				CLANG_CXX_LANGUAGE_STANDARD = "gnu++0x";
				CLANG_CXX_LIBRARY = "libc++";
				CLANG_ENABLE_MODULES = YES;
				CLANG_ENABLE_OBJC_ARC = YES;
				CLANG_WARN_BOOL_CONVERSION = YES;
				CLANG_WARN_CONSTANT_CONVERSION = YES;
				CLANG_WARN_DIRECT_OBJC_ISA_USAGE = YES_ERROR;
				CLANG_WARN_EMPTY_BODY = YES;
				CLANG_WARN_ENUM_CONVERSION = YES;
				CLANG_WARN_INT_CONVERSION = YES;
				CLANG_WARN_OBJC_ROOT_CLASS = YES_ERROR;
				CLANG_WARN_UNREACHABLE_CODE = YES;
				CLANG_WARN__DUPLICATE_METHOD_MATCH = YES;
				"CODE_SIGN_IDENTITY[sdk=iphoneos*]" = "iPhone Developer";
				COPY_PHASE_STRIP = NO;
				DEBUG_INFORMATION_FORMAT = "dwarf-with-dsym";
				ENABLE_NS_ASSERTIONS = NO;
				ENABLE_STRICT_OBJC_MSGSEND = YES;
				GCC_C_LANGUAGE_STANDARD = gnu99;
				GCC_NO_COMMON_BLOCKS = YES;
				GCC_WARN_64_TO_32_BIT_CONVERSION = YES;
				GCC_WARN_ABOUT_RETURN_TYPE = YES_ERROR;
				GCC_WARN_UNDECLARED_SELECTOR = YES;
				GCC_WARN_UNINITIALIZED_AUTOS = YES_AGGRESSIVE;
				GCC_WARN_UNUSED_FUNCTION = YES;
				GCC_WARN_UNUSED_VARIABLE = YES;
				IPHONEOS_DEPLOYMENT_TARGET = 8.4;
				MTL_ENABLE_DEBUG_INFO = NO;
				SDKROOT = iphoneos;
				VALIDATE_PRODUCT = YES;
			};
			name = Release;
		};
		492ED4DC1B6235D100D28452 /* Debug */ = {
			isa = XCBuildConfiguration;
			baseConfigurationReference = 412485527E23476D34F05546 /* Pods.debug.xcconfig */;
			buildSettings = {
				ASSETCATALOG_COMPILER_APPICON_NAME = AppIcon;
				INFOPLIST_FILE = AIDToDoManager/Info.plist;
				LD_RUNPATH_SEARCH_PATHS = "$(inherited) @executable_path/Frameworks";
				PRODUCT_NAME = "$(TARGET_NAME)";
			};
			name = Debug;
		};
		492ED4DD1B6235D100D28452 /* Release */ = {
			isa = XCBuildConfiguration;
			baseConfigurationReference = EAE42225F6FFD304EDB9F0A6 /* Pods.release.xcconfig */;
			buildSettings = {
				ASSETCATALOG_COMPILER_APPICON_NAME = AppIcon;
				INFOPLIST_FILE = AIDToDoManager/Info.plist;
				LD_RUNPATH_SEARCH_PATHS = "$(inherited) @executable_path/Frameworks";
				PRODUCT_NAME = "$(TARGET_NAME)";
			};
			name = Release;
		};
		492ED4DF1B6235D100D28452 /* Debug */ = {
			isa = XCBuildConfiguration;
			buildSettings = {
				BUNDLE_LOADER = "$(TEST_HOST)";
				FRAMEWORK_SEARCH_PATHS = (
					"$(SDKROOT)/Developer/Library/Frameworks",
					"$(inherited)",
				);
				GCC_PREPROCESSOR_DEFINITIONS = (
					"DEBUG=1",
					"$(inherited)",
				);
				INFOPLIST_FILE = AIDToDoManagerTests/Info.plist;
				LD_RUNPATH_SEARCH_PATHS = "$(inherited) @executable_path/Frameworks @loader_path/Frameworks";
				PRODUCT_NAME = "$(TARGET_NAME)";
				TEST_HOST = "$(BUILT_PRODUCTS_DIR)/AIDToDoManager.app/AIDToDoManager";
			};
			name = Debug;
		};
		492ED4E01B6235D100D28452 /* Release */ = {
			isa = XCBuildConfiguration;
			buildSettings = {
				BUNDLE_LOADER = "$(TEST_HOST)";
				FRAMEWORK_SEARCH_PATHS = (
					"$(SDKROOT)/Developer/Library/Frameworks",
					"$(inherited)",
				);
				INFOPLIST_FILE = AIDToDoManagerTests/Info.plist;
				LD_RUNPATH_SEARCH_PATHS = "$(inherited) @executable_path/Frameworks @loader_path/Frameworks";
				PRODUCT_NAME = "$(TARGET_NAME)";
				TEST_HOST = "$(BUILT_PRODUCTS_DIR)/AIDToDoManager.app/AIDToDoManager";
			};
			name = Release;
		};
/* End XCBuildConfiguration section */

/* Begin XCConfigurationList section */
		492ED4B71B6235D100D28452 /* Build configuration list for PBXProject "AIDToDoManager" */ = {
			isa = XCConfigurationList;
			buildConfigurations = (
				492ED4D91B6235D100D28452 /* Debug */,
				492ED4DA1B6235D100D28452 /* Release */,
			);
			defaultConfigurationIsVisible = 0;
			defaultConfigurationName = Release;
		};
		492ED4DB1B6235D100D28452 /* Build configuration list for PBXNativeTarget "AIDToDoManager" */ = {
			isa = XCConfigurationList;
			buildConfigurations = (
				492ED4DC1B6235D100D28452 /* Debug */,
				492ED4DD1B6235D100D28452 /* Release */,
			);
			defaultConfigurationIsVisible = 0;
			defaultConfigurationName = Release;
		};
		492ED4DE1B6235D100D28452 /* Build configuration list for PBXNativeTarget "AIDToDoManagerTests" */ = {
			isa = XCConfigurationList;
			buildConfigurations = (
				492ED4DF1B6235D100D28452 /* Debug */,
				492ED4E01B6235D100D28452 /* Release */,
			);
			defaultConfigurationIsVisible = 0;
			defaultConfigurationName = Release;
		};
/* End XCConfigurationList section */
	};
	rootObject = 492ED4B41B6235D100D28452 /* Project object */;
}
